
Microsoft Visual Studio Solution File, Format Version 12.00
# Visual Studio Version 17
VisualStudioVersion = 17.7.34031.279
MinimumVisualStudioVersion = 10.0.40219.1
Project("{FAE04EC0-301F-11D3-BF4B-00C04F79EFBC}") = "FluxAPI", "FluxAPI\FluxAPI.csproj", "{9A1AC65B-4776-439E-B7C9-B8BA5298BF74}"
EndProject
Project("{FAE04EC0-301F-11D3-BF4B-00C04F79EFBC}") = "Test", "Test\Test.csproj", "{2589A8D1-F7BF-429D-808F-9CE4A4510DED}"
	ProjectSection(ProjectDependencies) = postProject
		{9A1AC65B-4776-439E-B7C9-B8BA5298BF74} = {9A1AC65B-4776-439E-B7C9-B8BA5298BF74}
	EndProjectSection
EndProject
Global
	GlobalSection(SolutionConfigurationPlatforms) = preSolution
		Debug|Any CPU = Debug|Any CPU
		Debug|x86 = Debug|x86
		Release|Any CPU = Release|Any CPU
		Release|x86 = Release|x86
	EndGlobalSection
	GlobalSection(ProjectConfigurationPlatforms) = postSolution
		{9A1AC65B-4776-439E-B7C9-B8BA5298BF74}.Debug|Any CPU.ActiveCfg = Debug|Any CPU
		{9A1AC65B-4776-439E-B7C9-B8BA5298BF74}.Debug|Any CPU.Build.0 = Debug|Any CPU
		{9A1AC65B-4776-439E-B7C9-B8BA5298BF74}.Debug|x86.ActiveCfg = Debug|x86
		{9A1AC65B-4776-439E-B7C9-B8BA5298BF74}.Debug|x86.Build.0 = Debug|x86
		{9A1AC65B-4776-439E-B7C9-B8BA5298BF74}.Release|Any CPU.ActiveCfg = Release|Any CPU
		{9A1AC65B-4776-439E-B7C9-B8BA5298BF74}.Release|Any CPU.Build.0 = Release|Any CPU
		{9A1AC65B-4776-439E-B7C9-B8BA5298BF74}.Release|x86.ActiveCfg = Release|x86
		{9A1AC65B-4776-439E-B7C9-B8BA5298BF74}.Release|x86.Build.0 = Release|x86
		{2589A8D1-F7BF-429D-808F-9CE4A4510DED}.Debug|Any CPU.ActiveCfg = Debug|Any CPU
		{2589A8D1-F7BF-429D-808F-9CE4A4510DED}.Debug|Any CPU.Build.0 = Debug|Any CPU
		{2589A8D1-F7BF-429D-808F-9CE4A4510DED}.Debug|x86.ActiveCfg = Debug|Any CPU
		{2589A8D1-F7BF-429D-808F-9CE4A4510DED}.Debug|x86.Build.0 = Debug|Any CPU
		{2589A8D1-F7BF-429D-808F-9CE4A4510DED}.Release|Any CPU.ActiveCfg = Release|Any CPU
		{2589A8D1-F7BF-429D-808F-9CE4A4510DED}.Release|Any CPU.Build.0 = Release|Any CPU
		{2589A8D1-F7BF-429D-808F-9CE4A4510DED}.Release|x86.ActiveCfg = Release|Any CPU
		{2589A8D1-F7BF-429D-808F-9CE4A4510DED}.Release|x86.Build.0 = Release|Any CPU
	EndGlobalSection
	GlobalSection(SolutionProperties) = preSolution
		HideSolutionNode = FALSE
	EndGlobalSection
	GlobalSection(ExtensibilityGlobals) = postSolution
		SolutionGuid = {74259E9C-A5C4-4CC3-A649-17B963810115}
	EndGlobalSection
EndGlobal
